
Microsoft Visual Studio Solution File, Format Version 12.00
# Visual Studio Version 16
VisualStudioVersion = 16.0.31105.61
MinimumVisualStudioVersion = 10.0.40219.1
Project("{FAE04EC0-301F-11D3-BF4B-00C04F79EFBC}") = "PointOfSale", "PointOfSale\PointOfSale.csproj", "{AA38972E-B181-4681-820F-E17187E21B82}"
EndProject
Global
	GlobalSection(SolutionConfigurationPlatforms) = preSolution
		Debug|Any CPU = Debug|Any CPU
		Release|Any CPU = Release|Any CPU
	EndGlobalSection
	GlobalSection(ProjectConfigurationPlatforms) = postSolution
		{AA38972E-B181-4681-820F-E17187E21B82}.Debug|Any CPU.ActiveCfg = Debug|Any CPU
		{AA38972E-B181-4681-820F-E17187E21B82}.Debug|Any CPU.Build.0 = Debug|Any CPU
		{AA38972E-B181-4681-820F-E17187E21B82}.Release|Any CPU.ActiveCfg = Release|Any CPU
		{AA38972E-B181-4681-820F-E17187E21B82}.Release|Any CPU.Build.0 = Release|Any CPU
	EndGlobalSection
	GlobalSection(SolutionProperties) = preSolution
		HideSolutionNode = FALSE
	EndGlobalSection
	GlobalSection(ExtensibilityGlobals) = postSolution
		SolutionGuid = {F8949C56-7C76-429A-8071-713DCBA7DDF5}
	EndGlobalSection
EndGlobal
